// !$*UTF8*$!
{
	archiveVersion = 1;
	classes = {
	};
	objectVersion = 77;
	objects = {

/* Begin PBXContainerItemProxy section */
		AD8BBD7A2CF5F7E40009D870 /* PBXContainerItemProxy */ = {
			isa = PBXContainerItemProxy;
			containerPortal = AD8BBD612CF5F7E20009D870 /* Project object */;
			proxyType = 1;
			remoteGlobalIDString = AD8BBD682CF5F7E20009D870;
			remoteInfo = AugmentedApp;
		};
		AD8BBD842CF5F7E40009D870 /* PBXContainerItemProxy */ = {
			isa = PBXContainerItemProxy;
			containerPortal = AD8BBD612CF5F7E20009D870 /* Project object */;
			proxyType = 1;
			remoteGlobalIDString = AD8BBD682CF5F7E20009D870;
			remoteInfo = AugmentedApp;
		};
/* End PBXContainerItemProxy section */

/* Begin PBXFileReference section */
		AD8BBD692CF5F7E20009D870 /* AugmentedApp.app */ = {isa = PBXFileReference; explicitFileType = wrapper.application; includeInIndex = 0; path = AugmentedApp.app; sourceTree = BUILT_PRODUCTS_DIR; };
		AD8BBD792CF5F7E40009D870 /* AugmentedAppTests.xctest */ = {isa = PBXFileReference; explicitFileType = wrapper.cfbundle; includeInIndex = 0; path = AugmentedAppTests.xctest; sourceTree = BUILT_PRODUCTS_DIR; };
		AD8BBD832CF5F7E40009D870 /* AugmentedAppUITests.xctest */ = {isa = PBXFileReference; explicitFileType = wrapper.cfbundle; includeInIndex = 0; path = AugmentedAppUITests.xctest; sourceTree = BUILT_PRODUCTS_DIR; };
/* End PBXFileReference section */

/* Begin PBXFileSystemSynchronizedRootGroup section */
		AD8BBD6B2CF5F7E20009D870 /* AugmentedApp */ = {
			isa = PBXFileSystemSynchronizedRootGroup;
			path = AugmentedApp;
			sourceTree = "<group>";
		};
		AD8BBD7C2CF5F7E40009D870 /* AugmentedAppTests */ = {
			isa = PBXFileSystemSynchronizedRootGroup;
			path = AugmentedAppTests;
			sourceTree = "<group>";
		};
		AD8BBD862CF5F7E40009D870 /* AugmentedAppUITests */ = {
			isa = PBXFileSystemSynchronizedRootGroup;
			path = AugmentedAppUITests;
			sourceTree = "<group>";
		};
/* End PBXFileSystemSynchronizedRootGroup section */

/* Begin PBXFrameworksBuildPhase section */
		AD8BBD662CF5F7E20009D870 /* Frameworks */ = {
			isa = PBXFrameworksBuildPhase;
			buildActionMask = 2147483647;
			files = (
			);
			runOnlyForDeploymentPostprocessing = 0;
		};
		AD8BBD762CF5F7E40009D870 /* Frameworks */ = {
			isa = PBXFrameworksBuildPhase;
			buildActionMask = 2147483647;
			files = (
			);
			runOnlyForDeploymentPostprocessing = 0;
		};
		AD8BBD802CF5F7E40009D870 /* Frameworks */ = {
			isa = PBXFrameworksBuildPhase;
			buildActionMask = 2147483647;
			files = (
			);
			runOnlyForDeploymentPostprocessing = 0;
		};
/* End PBXFrameworksBuildPhase section */

/* Begin PBXGroup section */
		AD8BBD602CF5F7E20009D870 = {
			isa = PBXGroup;
			children = (
				AD8BBD6B2CF5F7E20009D870 /* AugmentedApp */,
				AD8BBD7C2CF5F7E40009D870 /* AugmentedAppTests */,
				AD8BBD862CF5F7E40009D870 /* AugmentedAppUITests */,
				AD8BBD6A2CF5F7E20009D870 /* Products */,
			);
			sourceTree = "<group>";
		};
		AD8BBD6A2CF5F7E20009D870 /* Products */ = {
			isa = PBXGroup;
			children = (
				AD8BBD692CF5F7E20009D870 /* AugmentedApp.app */,
				AD8BBD792CF5F7E40009D870 /* AugmentedAppTests.xctest */,
				AD8BBD832CF5F7E40009D870 /* AugmentedAppUITests.xctest */,
			);
			name = Products;
			sourceTree = "<group>";
		};
/* End PBXGroup section */

/* Begin PBXNativeTarget section */
		AD8BBD682CF5F7E20009D870 /* AugmentedApp */ = {
			isa = PBXNativeTarget;
			buildConfigurationList = AD8BBD8D2CF5F7E40009D870 /* Build configuration list for PBXNativeTarget "AugmentedApp" */;
			buildPhases = (
				AD8BBD652CF5F7E20009D870 /* Sources */,
				AD8BBD662CF5F7E20009D870 /* Frameworks */,
				AD8BBD672CF5F7E20009D870 /* Resources */,
			);
			buildRules = (
			);
			dependencies = (
			);
			fileSystemSynchronizedGroups = (
				AD8BBD6B2CF5F7E20009D870 /* AugmentedApp */,
			);
			name = AugmentedApp;
			packageProductDependencies = (
			);
			productName = AugmentedApp;
			productReference = AD8BBD692CF5F7E20009D870 /* AugmentedApp.app */;
			productType = "com.apple.product-type.application";
		};
		AD8BBD782CF5F7E40009D870 /* AugmentedAppTests */ = {
			isa = PBXNativeTarget;
			buildConfigurationList = AD8BBD902CF5F7E40009D870 /* Build configuration list for PBXNativeTarget "AugmentedAppTests" */;
			buildPhases = (
				AD8BBD752CF5F7E40009D870 /* Sources */,
				AD8BBD762CF5F7E40009D870 /* Frameworks */,
				AD8BBD772CF5F7E40009D870 /* Resources */,
			);
			buildRules = (
			);
			dependencies = (
				AD8BBD7B2CF5F7E40009D870 /* PBXTargetDependency */,
			);
			fileSystemSynchronizedGroups = (
				AD8BBD7C2CF5F7E40009D870 /* AugmentedAppTests */,
			);
			name = AugmentedAppTests;
			packageProductDependencies = (
			);
			productName = AugmentedAppTests;
			productReference = AD8BBD792CF5F7E40009D870 /* AugmentedAppTests.xctest */;
			productType = "com.apple.product-type.bundle.unit-test";
		};
		AD8BBD822CF5F7E40009D870 /* AugmentedAppUITests */ = {
			isa = PBXNativeTarget;
			buildConfigurationList = AD8BBD932CF5F7E40009D870 /* Build configuration list for PBXNativeTarget "AugmentedAppUITests" */;
			buildPhases = (
				AD8BBD7F2CF5F7E40009D870 /* Sources */,
				AD8BBD802CF5F7E40009D870 /* Frameworks */,
				AD8BBD812CF5F7E40009D870 /* Resources */,
			);
			buildRules = (
			);
			dependencies = (
				AD8BBD852CF5F7E40009D870 /* PBXTargetDependency */,
			);
			fileSystemSynchronizedGroups = (
				AD8BBD862CF5F7E40009D870 /* AugmentedAppUITests */,
			);
			name = AugmentedAppUITests;
			packageProductDependencies = (
			);
			productName = AugmentedAppUITests;
			productReference = AD8BBD832CF5F7E40009D870 /* AugmentedAppUITests.xctest */;
			productType = "com.apple.product-type.bundle.ui-testing";
		};
/* End PBXNativeTarget section */

/* Begin PBXProject section */
		AD8BBD612CF5F7E20009D870 /* Project object */ = {
			isa = PBXProject;
			attributes = {
				BuildIndependentTargetsInParallel = 1;
				LastSwiftUpdateCheck = 1610;
				LastUpgradeCheck = 1610;
				TargetAttributes = {
					AD8BBD682CF5F7E20009D870 = {
						CreatedOnToolsVersion = 16.1;
					};
					AD8BBD782CF5F7E40009D870 = {
						CreatedOnToolsVersion = 16.1;
						TestTargetID = AD8BBD682CF5F7E20009D870;
					};
					AD8BBD822CF5F7E40009D870 = {
						CreatedOnToolsVersion = 16.1;
						TestTargetID = AD8BBD682CF5F7E20009D870;
					};
				};
			};
			buildConfigurationList = AD8BBD642CF5F7E20009D870 /* Build configuration list for PBXProject "AugmentedApp" */;
			developmentRegion = en;
			hasScannedForEncodings = 0;
			knownRegions = (
				en,
				Base,
			);
			mainGroup = AD8BBD602CF5F7E20009D870;
			minimizedProjectReferenceProxies = 1;
			preferredProjectObjectVersion = 77;
			productRefGroup = AD8BBD6A2CF5F7E20009D870 /* Products */;
			projectDirPath = "";
			projectRoot = "";
			targets = (
				AD8BBD682CF5F7E20009D870 /* AugmentedApp */,
				AD8BBD782CF5F7E40009D870 /* AugmentedAppTests */,
				AD8BBD822CF5F7E40009D870 /* AugmentedAppUITests */,
			);
		};
/* End PBXProject section */

/* Begin PBXResourcesBuildPhase section */
		AD8BBD672CF5F7E20009D870 /* Resources */ = {
			isa = PBXResourcesBuildPhase;
			buildActionMask = 2147483647;
			files = (
			);
			runOnlyForDeploymentPostprocessing = 0;
		};
		AD8BBD772CF5F7E40009D870 /* Resources */ = {
			isa = PBXResourcesBuildPhase;
			buildActionMask = 2147483647;
			files = (
			);
			runOnlyForDeploymentPostprocessing = 0;
		};
		AD8BBD812CF5F7E40009D870 /* Resources */ = {
			isa = PBXResourcesBuildPhase;
			buildActionMask = 2147483647;
			files = (
			);
			runOnlyForDeploymentPostprocessing = 0;
		};
/* End PBXResourcesBuildPhase section */

/* Begin PBXSourcesBuildPhase section */
		AD8BBD652CF5F7E20009D870 /* Sources */ = {
			isa = PBXSourcesBuildPhase;
			buildActionMask = 2147483647;
			files = (
			);
			runOnlyForDeploymentPostprocessing = 0;
		};
		AD8BBD752CF5F7E40009D870 /* Sources */ = {
			isa = PBXSourcesBuildPhase;
			buildActionMask = 2147483647;
			files = (
			);
			runOnlyForDeploymentPostprocessing = 0;
		};
		AD8BBD7F2CF5F7E40009D870 /* Sources */ = {
			isa = PBXSourcesBuildPhase;
			buildActionMask = 2147483647;
			files = (
			);
			runOnlyForDeploymentPostprocessing = 0;
		};
/* End PBXSourcesBuildPhase section */

/* Begin PBXTargetDependency section */
		AD8BBD7B2CF5F7E40009D870 /* PBXTargetDependency */ = {
			isa = PBXTargetDependency;
			target = AD8BBD682CF5F7E20009D870 /* AugmentedApp */;
			targetProxy = AD8BBD7A2CF5F7E40009D870 /* PBXContainerItemProxy */;
		};
		AD8BBD852CF5F7E40009D870 /* PBXTargetDependency */ = {
			isa = PBXTargetDependency;
			target = AD8BBD682CF5F7E20009D870 /* AugmentedApp */;
			targetProxy = AD8BBD842CF5F7E40009D870 /* PBXContainerItemProxy */;
		};
/* End PBXTargetDependency section */

/* Begin XCBuildConfiguration section */
		AD8BBD8B2CF5F7E40009D870 /* Debug */ = {
			isa = XCBuildConfiguration;
			buildSettings = {
				ALWAYS_SEARCH_USER_PATHS = NO;
				ASSETCATALOG_COMPILER_GENERATE_SWIFT_ASSET_SYMBOL_EXTENSIONS = YES;
				CLANG_ANALYZER_NONNULL = YES;
				CLANG_ANALYZER_NUMBER_OBJECT_CONVERSION = YES_AGGRESSIVE;
				CLANG_CXX_LANGUAGE_STANDARD = "gnu++20";
				CLANG_ENABLE_MODULES = YES;
				CLANG_ENABLE_OBJC_ARC = YES;
				CLANG_ENABLE_OBJC_WEAK = YES;
				CLANG_WARN_BLOCK_CAPTURE_AUTORELEASING = YES;
				CLANG_WARN_BOOL_CONVERSION = YES;
				CLANG_WARN_COMMA = YES;
				CLANG_WARN_CONSTANT_CONVERSION = YES;
				CLANG_WARN_DEPRECATED_OBJC_IMPLEMENTATIONS = YES;
				CLANG_WARN_DIRECT_OBJC_ISA_USAGE = YES_ERROR;
				CLANG_WARN_DOCUMENTATION_COMMENTS = YES;
				CLANG_WARN_EMPTY_BODY = YES;
				CLANG_WARN_ENUM_CONVERSION = YES;
				CLANG_WARN_INFINITE_RECURSION = YES;
				CLANG_WARN_INT_CONVERSION = YES;
				CLANG_WARN_NON_LITERAL_NULL_CONVERSION = YES;
				CLANG_WARN_OBJC_IMPLICIT_RETAIN_SELF = YES;
				CLANG_WARN_OBJC_LITERAL_CONVERSION = YES;
				CLANG_WARN_OBJC_ROOT_CLASS = YES_ERROR;
				CLANG_WARN_QUOTED_INCLUDE_IN_FRAMEWORK_HEADER = YES;
				CLANG_WARN_RANGE_LOOP_ANALYSIS = YES;
				CLANG_WARN_STRICT_PROTOTYPES = YES;
				CLANG_WARN_SUSPICIOUS_MOVE = YES;
				CLANG_WARN_UNGUARDED_AVAILABILITY = YES_AGGRESSIVE;
				CLANG_WARN_UNREACHABLE_CODE = YES;
				CLANG_WARN__DUPLICATE_METHOD_MATCH = YES;
				COPY_PHASE_STRIP = NO;
				DEBUG_INFORMATION_FORMAT = dwarf;
				ENABLE_STRICT_OBJC_MSGSEND = YES;
				ENABLE_TESTABILITY = YES;
				ENABLE_USER_SCRIPT_SANDBOXING = YES;
				GCC_C_LANGUAGE_STANDARD = gnu17;
				GCC_DYNAMIC_NO_PIC = NO;
				GCC_NO_COMMON_BLOCKS = YES;
				GCC_OPTIMIZATION_LEVEL = 0;
				GCC_PREPROCESSOR_DEFINITIONS = (
					"DEBUG=1",
					"$(inherited)",
				);
				GCC_WARN_64_TO_32_BIT_CONVERSION = YES;
				GCC_WARN_ABOUT_RETURN_TYPE = YES_ERROR;
				GCC_WARN_UNDECLARED_SELECTOR = YES;
				GCC_WARN_UNINITIALIZED_AUTOS = YES_AGGRESSIVE;
				GCC_WARN_UNUSED_FUNCTION = YES;
				GCC_WARN_UNUSED_VARIABLE = YES;
				IPHONEOS_DEPLOYMENT_TARGET = 18.1;
				LOCALIZATION_PREFERS_STRING_CATALOGS = YES;
				MTL_ENABLE_DEBUG_INFO = INCLUDE_SOURCE;
				MTL_FAST_MATH = YES;
				ONLY_ACTIVE_ARCH = YES;
				SDKROOT = iphoneos;
				SWIFT_ACTIVE_COMPILATION_CONDITIONS = "DEBUG $(inherited)";
				SWIFT_OPTIMIZATION_LEVEL = "-Onone";
			};
			name = Debug;
		};
		AD8BBD8C2CF5F7E40009D870 /* Release */ = {
			isa = XCBuildConfiguration;
			buildSettings = {
				ALWAYS_SEARCH_USER_PATHS = NO;
				ASSETCATALOG_COMPILER_GENERATE_SWIFT_ASSET_SYMBOL_EXTENSIONS = YES;
				CLANG_ANALYZER_NONNULL = YES;
				CLANG_ANALYZER_NUMBER_OBJECT_CONVERSION = YES_AGGRESSIVE;
				CLANG_CXX_LANGUAGE_STANDARD = "gnu++20";
				CLANG_ENABLE_MODULES = YES;
				CLANG_ENABLE_OBJC_ARC = YES;
				CLANG_ENABLE_OBJC_WEAK = YES;
				CLANG_WARN_BLOCK_CAPTURE_AUTORELEASING = YES;
				CLANG_WARN_BOOL_CONVERSION = YES;
				CLANG_WARN_COMMA = YES;
				CLANG_WARN_CONSTANT_CONVERSION = YES;
				CLANG_WARN_DEPRECATED_OBJC_IMPLEMENTATIONS = YES;
				CLANG_WARN_DIRECT_OBJC_ISA_USAGE = YES_ERROR;
				CLANG_WARN_DOCUMENTATION_COMMENTS = YES;
				CLANG_WARN_EMPTY_BODY = YES;
				CLANG_WARN_ENUM_CONVERSION = YES;
				CLANG_WARN_INFINITE_RECURSION = YES;
				CLANG_WARN_INT_CONVERSION = YES;
				CLANG_WARN_NON_LITERAL_NULL_CONVERSION = YES;
				CLANG_WARN_OBJC_IMPLICIT_RETAIN_SELF = YES;
				CLANG_WARN_OBJC_LITERAL_CONVERSION = YES;
				CLANG_WARN_OBJC_ROOT_CLASS = YES_ERROR;
				CLANG_WARN_QUOTED_INCLUDE_IN_FRAMEWORK_HEADER = YES;
				CLANG_WARN_RANGE_LOOP_ANALYSIS = YES;
				CLANG_WARN_STRICT_PROTOTYPES = YES;
				CLANG_WARN_SUSPICIOUS_MOVE = YES;
				CLANG_WARN_UNGUARDED_AVAILABILITY = YES_AGGRESSIVE;
				CLANG_WARN_UNREACHABLE_CODE = YES;
				CLANG_WARN__DUPLICATE_METHOD_MATCH = YES;
				COPY_PHASE_STRIP = NO;
				DEBUG_INFORMATION_FORMAT = "dwarf-with-dsym";
				ENABLE_NS_ASSERTIONS = NO;
				ENABLE_STRICT_OBJC_MSGSEND = YES;
				ENABLE_USER_SCRIPT_SANDBOXING = YES;
				GCC_C_LANGUAGE_STANDARD = gnu17;
				GCC_NO_COMMON_BLOCKS = YES;
				GCC_WARN_64_TO_32_BIT_CONVERSION = YES;
				GCC_WARN_ABOUT_RETURN_TYPE = YES_ERROR;
				GCC_WARN_UNDECLARED_SELECTOR = YES;
				GCC_WARN_UNINITIALIZED_AUTOS = YES_AGGRESSIVE;
				GCC_WARN_UNUSED_FUNCTION = YES;
				GCC_WARN_UNUSED_VARIABLE = YES;
				IPHONEOS_DEPLOYMENT_TARGET = 18.1;
				LOCALIZATION_PREFERS_STRING_CATALOGS = YES;
				MTL_ENABLE_DEBUG_INFO = NO;
				MTL_FAST_MATH = YES;
				SDKROOT = iphoneos;
				SWIFT_COMPILATION_MODE = wholemodule;
				VALIDATE_PRODUCT = YES;
			};
			name = Release;
		};
		AD8BBD8E2CF5F7E40009D870 /* Debug */ = {
			isa = XCBuildConfiguration;
			buildSettings = {
				ASSETCATALOG_COMPILER_APPICON_NAME = AppIcon;
				ASSETCATALOG_COMPILER_GLOBAL_ACCENT_COLOR_NAME = AccentColor;
				CODE_SIGN_STYLE = Automatic;
				CURRENT_PROJECT_VERSION = 1;
				DEVELOPMENT_ASSET_PATHS = "\"AugmentedApp/Preview Content\"";
				DEVELOPMENT_TEAM = 7WJWLVWMGP;
				ENABLE_PREVIEWS = YES;
				GENERATE_INFOPLIST_FILE = YES;
				INFOPLIST_KEY_UIApplicationSceneManifest_Generation = YES;
				INFOPLIST_KEY_UIApplicationSupportsIndirectInputEvents = YES;
				INFOPLIST_KEY_UILaunchScreen_Generation = YES;
				INFOPLIST_KEY_UISupportedInterfaceOrientations_iPad = "UIInterfaceOrientationPortrait UIInterfaceOrientationPortraitUpsideDown UIInterfaceOrientationLandscapeLeft UIInterfaceOrientationLandscapeRight";
				INFOPLIST_KEY_UISupportedInterfaceOrientations_iPhone = "UIInterfaceOrientationPortrait UIInterfaceOrientationLandscapeLeft UIInterfaceOrientationLandscapeRight";
				LD_RUNPATH_SEARCH_PATHS = (
					"$(inherited)",
					"@executable_path/Frameworks",
				);
				MARKETING_VERSION = 1.0;
				PRODUCT_BUNDLE_IDENTIFIER = "erasmus-brussel.AugmentedApp";
				PRODUCT_NAME = "$(TARGET_NAME)";
				SWIFT_EMIT_LOC_STRINGS = YES;
				SWIFT_VERSION = 5.0;
				TARGETED_DEVICE_FAMILY = "1,2";
			};
			name = Debug;
		};
		AD8BBD8F2CF5F7E40009D870 /* Release */ = {
			isa = XCBuildConfiguration;
			buildSettings = {
				ASSETCATALOG_COMPILER_APPICON_NAME = AppIcon;
				ASSETCATALOG_COMPILER_GLOBAL_ACCENT_COLOR_NAME = AccentColor;
				CODE_SIGN_STYLE = Automatic;
				CURRENT_PROJECT_VERSION = 1;
				DEVELOPMENT_ASSET_PATHS = "\"AugmentedApp/Preview Content\"";
				DEVELOPMENT_TEAM = 7WJWLVWMGP;
				ENABLE_PREVIEWS = YES;
				GENERATE_INFOPLIST_FILE = YES;
				INFOPLIST_KEY_UIApplicationSceneManifest_Generation = YES;
				INFOPLIST_KEY_UIApplicationSupportsIndirectInputEvents = YES;
				INFOPLIST_KEY_UILaunchScreen_Generation = YES;
				INFOPLIST_KEY_UISupportedInterfaceOrientations_iPad = "UIInterfaceOrientationPortrait UIInterfaceOrientationPortraitUpsideDown UIInterfaceOrientationLandscapeLeft UIInterfaceOrientationLandscapeRight";
				INFOPLIST_KEY_UISupportedInterfaceOrientations_iPhone = "UIInterfaceOrientationPortrait UIInterfaceOrientationLandscapeLeft UIInterfaceOrientationLandscapeRight";
				LD_RUNPATH_SEARCH_PATHS = (
					"$(inherited)",
					"@executable_path/Frameworks",
				);
				MARKETING_VERSION = 1.0;
				PRODUCT_BUNDLE_IDENTIFIER = "erasmus-brussel.AugmentedApp";
				PRODUCT_NAME = "$(TARGET_NAME)";
				SWIFT_EMIT_LOC_STRINGS = YES;
				SWIFT_VERSION = 5.0;
				TARGETED_DEVICE_FAMILY = "1,2";
			};
			name = Release;
		};
		AD8BBD912CF5F7E40009D870 /* Debug */ = {
			isa = XCBuildConfiguration;
			buildSettings = {
				BUNDLE_LOADER = "$(TEST_HOST)";
				CODE_SIGN_STYLE = Automatic;
				CURRENT_PROJECT_VERSION = 1;
				DEVELOPMENT_TEAM = 7WJWLVWMGP;
				GENERATE_INFOPLIST_FILE = YES;
				IPHONEOS_DEPLOYMENT_TARGET = 18.1;
				MARKETING_VERSION = 1.0;
				PRODUCT_BUNDLE_IDENTIFIER = "erasmus-brussel.AugmentedAppTests";
				PRODUCT_NAME = "$(TARGET_NAME)";
				SWIFT_EMIT_LOC_STRINGS = NO;
				SWIFT_VERSION = 5.0;
				TARGETED_DEVICE_FAMILY = "1,2";
				TEST_HOST = "$(BUILT_PRODUCTS_DIR)/AugmentedApp.app/$(BUNDLE_EXECUTABLE_FOLDER_PATH)/AugmentedApp";
			};
			name = Debug;
		};
		AD8BBD922CF5F7E40009D870 /* Release */ = {
			isa = XCBuildConfiguration;
			buildSettings = {
				BUNDLE_LOADER = "$(TEST_HOST)";
				CODE_SIGN_STYLE = Automatic;
				CURRENT_PROJECT_VERSION = 1;
				DEVELOPMENT_TEAM = 7WJWLVWMGP;
				GENERATE_INFOPLIST_FILE = YES;
				IPHONEOS_DEPLOYMENT_TARGET = 18.1;
				MARKETING_VERSION = 1.0;
				PRODUCT_BUNDLE_IDENTIFIER = "erasmus-brussel.AugmentedAppTests";
				PRODUCT_NAME = "$(TARGET_NAME)";
				SWIFT_EMIT_LOC_STRINGS = NO;
				SWIFT_VERSION = 5.0;
				TARGETED_DEVICE_FAMILY = "1,2";
				TEST_HOST = "$(BUILT_PRODUCTS_DIR)/AugmentedApp.app/$(BUNDLE_EXECUTABLE_FOLDER_PATH)/AugmentedApp";
			};
			name = Release;
		};
		AD8BBD942CF5F7E40009D870 /* Debug */ = {
			isa = XCBuildConfiguration;
			buildSettings = {
				CODE_SIGN_STYLE = Automatic;
				CURRENT_PROJECT_VERSION = 1;
				DEVELOPMENT_TEAM = 7WJWLVWMGP;
				GENERATE_INFOPLIST_FILE = YES;
				MARKETING_VERSION = 1.0;
				PRODUCT_BUNDLE_IDENTIFIER = "erasmus-brussel.AugmentedAppUITests";
				PRODUCT_NAME = "$(TARGET_NAME)";
				SWIFT_EMIT_LOC_STRINGS = NO;
				SWIFT_VERSION = 5.0;
				TARGETED_DEVICE_FAMILY = "1,2";
				TEST_TARGET_NAME = AugmentedApp;
			};
			name = Debug;
		};
		AD8BBD952CF5F7E40009D870 /* Release */ = {
			isa = XCBuildConfiguration;
			buildSettings = {
				CODE_SIGN_STYLE = Automatic;
				CURRENT_PROJECT_VERSION = 1;
				DEVELOPMENT_TEAM = 7WJWLVWMGP;
				GENERATE_INFOPLIST_FILE = YES;
				MARKETING_VERSION = 1.0;
				PRODUCT_BUNDLE_IDENTIFIER = "erasmus-brussel.AugmentedAppUITests";
				PRODUCT_NAME = "$(TARGET_NAME)";
				SWIFT_EMIT_LOC_STRINGS = NO;
				SWIFT_VERSION = 5.0;
				TARGETED_DEVICE_FAMILY = "1,2";
				TEST_TARGET_NAME = AugmentedApp;
			};
			name = Release;
		};
/* End XCBuildConfiguration section */

/* Begin XCConfigurationList section */
		AD8BBD642CF5F7E20009D870 /* Build configuration list for PBXProject "AugmentedApp" */ = {
			isa = XCConfigurationList;
			buildConfigurations = (
				AD8BBD8B2CF5F7E40009D870 /* Debug */,
				AD8BBD8C2CF5F7E40009D870 /* Release */,
			);
			defaultConfigurationIsVisible = 0;
			defaultConfigurationName = Release;
		};
		AD8BBD8D2CF5F7E40009D870 /* Build configuration list for PBXNativeTarget "AugmentedApp" */ = {
			isa = XCConfigurationList;
			buildConfigurations = (
				AD8BBD8E2CF5F7E40009D870 /* Debug */,
				AD8BBD8F2CF5F7E40009D870 /* Release */,
			);
			defaultConfigurationIsVisible = 0;
			defaultConfigurationName = Release;
		};
		AD8BBD902CF5F7E40009D870 /* Build configuration list for PBXNativeTarget "AugmentedAppTests" */ = {
			isa = XCConfigurationList;
			buildConfigurations = (
				AD8BBD912CF5F7E40009D870 /* Debug */,
				AD8BBD922CF5F7E40009D870 /* Release */,
			);
			defaultConfigurationIsVisible = 0;
			defaultConfigurationName = Release;
		};
		AD8BBD932CF5F7E40009D870 /* Build configuration list for PBXNativeTarget "AugmentedAppUITests" */ = {
			isa = XCConfigurationList;
			buildConfigurations = (
				AD8BBD942CF5F7E40009D870 /* Debug */,
				AD8BBD952CF5F7E40009D870 /* Release */,
			);
			defaultConfigurationIsVisible = 0;
			defaultConfigurationName = Release;
		};
/* End XCConfigurationList section */
	};
	rootObject = AD8BBD612CF5F7E20009D870 /* Project object */;
}
